// !$*UTF8*$!
{
	archiveVersion = 1;
	classes = {
	};
	objectVersion = 50;
	objects = {

/* Begin PBXBuildFile section */
		B8075B8C2213863800523549 /* AppDelegate.swift in Sources */ = {isa = PBXBuildFile; fileRef = B8075B8B2213863800523549 /* AppDelegate.swift */; };
		B8075B8E2213863800523549 /* ExpressionsViewController.swift in Sources */ = {isa = PBXBuildFile; fileRef = B8075B8D2213863800523549 /* ExpressionsViewController.swift */; };
		B8075B912213863800523549 /* Main.storyboard in Resources */ = {isa = PBXBuildFile; fileRef = B8075B8F2213863800523549 /* Main.storyboard */; };
		B8075B932213863A00523549 /* Assets.xcassets in Resources */ = {isa = PBXBuildFile; fileRef = B8075B922213863A00523549 /* Assets.xcassets */; };
		B8075B962213863A00523549 /* LaunchScreen.storyboard in Resources */ = {isa = PBXBuildFile; fileRef = B8075B942213863A00523549 /* LaunchScreen.storyboard */; };
		B8075BA12213863A00523549 /* CuteCodeTests.swift in Sources */ = {isa = PBXBuildFile; fileRef = B8075BA02213863A00523549 /* CuteCodeTests.swift */; };
		B8075BAC2213868F00523549 /* ExpressionsOverlayView.swift in Sources */ = {isa = PBXBuildFile; fileRef = B8075BAB2213868F00523549 /* ExpressionsOverlayView.swift */; };
		B831E2ED221AFD1800313821 /* AudioToolbox.framework in Frameworks */ = {isa = PBXBuildFile; fileRef = B831E2E8221AFBBB00313821 /* AudioToolbox.framework */; };
		B831E2F1221B11E300313821 /* Words.plist in Resources */ = {isa = PBXBuildFile; fileRef = B831E2F0221B11E300313821 /* Words.plist */; };
		B86E75B22219427900F0963E /* ForecastNetworkManager.swift in Sources */ = {isa = PBXBuildFile; fileRef = B86E75B02219427900F0963E /* ForecastNetworkManager.swift */; };
		B86E75B32219427900F0963E /* ForecastRequest.swift in Sources */ = {isa = PBXBuildFile; fileRef = B86E75B12219427900F0963E /* ForecastRequest.swift */; };
		B86E75B62219428500F0963E /* Forecast.swift in Sources */ = {isa = PBXBuildFile; fileRef = B86E75B42219428500F0963E /* Forecast.swift */; };
		B86E75B72219428500F0963E /* ForecastFraction.swift in Sources */ = {isa = PBXBuildFile; fileRef = B86E75B52219428500F0963E /* ForecastFraction.swift */; };
		B86E75B92219429100F0963E /* ForecastViewController.swift in Sources */ = {isa = PBXBuildFile; fileRef = B86E75B82219429100F0963E /* ForecastViewController.swift */; };
		B86E75BB221942A500F0963E /* ForecastDataSource.swift in Sources */ = {isa = PBXBuildFile; fileRef = B86E75BA221942A500F0963E /* ForecastDataSource.swift */; };
		B86E75BD221942B200F0963E /* ForecastDateTableViewCell.swift in Sources */ = {isa = PBXBuildFile; fileRef = B86E75BC221942B200F0963E /* ForecastDateTableViewCell.swift */; };
		B86E75C2221942D400F0963E /* MultipleForecastFractions.json in Resources */ = {isa = PBXBuildFile; fileRef = B86E75BF221942D400F0963E /* MultipleForecastFractions.json */; };
		B86E75C3221942D400F0963E /* ForecastFraction.json in Resources */ = {isa = PBXBuildFile; fileRef = B86E75C0221942D400F0963E /* ForecastFraction.json */; };
		B86E75C4221942D400F0963E /* ForecastFractionNoRain.json in Resources */ = {isa = PBXBuildFile; fileRef = B86E75C1221942D400F0963E /* ForecastFractionNoRain.json */; };
		B86E75C6221942DA00F0963E /* PixelWeatherTests.swift in Sources */ = {isa = PBXBuildFile; fileRef = B86E75C5221942DA00F0963E /* PixelWeatherTests.swift */; };
		B86E75C822194E3600F0963E /* ForecastDayCollectionViewCell.swift in Sources */ = {isa = PBXBuildFile; fileRef = B86E75C722194E3600F0963E /* ForecastDayCollectionViewCell.swift */; };
		B86E75CA22194FD100F0963E /* ForecastDayDataSource.swift in Sources */ = {isa = PBXBuildFile; fileRef = B86E75C922194FD100F0963E /* ForecastDayDataSource.swift */; };
		B86E75FE221A155800F0963E /* UIImage+Identifier.m in Sources */ = {isa = PBXBuildFile; fileRef = B86E75FA221A155700F0963E /* UIImage+Identifier.m */; };
		B86E75FF221A155800F0963E /* ScrollViewController.m in Sources */ = {isa = PBXBuildFile; fileRef = B86E75FD221A155800F0963E /* ScrollViewController.m */; };
		B86E7602221A156E00F0963E /* PPInfiniteScrollView.m in Sources */ = {isa = PBXBuildFile; fileRef = B86E7601221A156E00F0963E /* PPInfiniteScrollView.m */; };
		B8ED0DBC221AD0A3007EAD67 /* PPWordsearchViewController.m in Sources */ = {isa = PBXBuildFile; fileRef = B8ED0DB5221AD0A3007EAD67 /* PPWordsearchViewController.m */; };
		B8ED0DBD221AD0A3007EAD67 /* PPWordSearchCell.m in Sources */ = {isa = PBXBuildFile; fileRef = B8ED0DB6221AD0A3007EAD67 /* PPWordSearchCell.m */; };
		B8ED0DBE221AD0A3007EAD67 /* PPWordSearch.m in Sources */ = {isa = PBXBuildFile; fileRef = B8ED0DB9221AD0A3007EAD67 /* PPWordSearch.m */; };
		B8ED0DBF221AD0A3007EAD67 /* NSString+PPExtras.m in Sources */ = {isa = PBXBuildFile; fileRef = B8ED0DBB221AD0A3007EAD67 /* NSString+PPExtras.m */; };
		B8ED0DC4221AF6CD007EAD67 /* tick.mp3 in Resources */ = {isa = PBXBuildFile; fileRef = B8ED0DC1221AF6CD007EAD67 /* tick.mp3 */; };
		B8ED0DC5221AF6CD007EAD67 /* ping.mp3 in Resources */ = {isa = PBXBuildFile; fileRef = B8ED0DC2221AF6CD007EAD67 /* ping.mp3 */; };
		B8ED0DC6221AF6CD007EAD67 /* pop.mp3 in Resources */ = {isa = PBXBuildFile; fileRef = B8ED0DC3221AF6CD007EAD67 /* pop.mp3 */; };
/* End PBXBuildFile section */

/* Begin PBXContainerItemProxy section */
		B8075B9D2213863A00523549 /* PBXContainerItemProxy */ = {
			isa = PBXContainerItemProxy;
			containerPortal = B8075B802213863800523549 /* Project object */;
			proxyType = 1;
			remoteGlobalIDString = B8075B872213863800523549;
			remoteInfo = expressions;
		};
/* End PBXContainerItemProxy section */

/* Begin PBXFileReference section */
		B8075B882213863800523549 /* CuteCode.app */ = {isa = PBXFileReference; explicitFileType = wrapper.application; includeInIndex = 0; path = CuteCode.app; sourceTree = BUILT_PRODUCTS_DIR; };
		B8075B8B2213863800523549 /* AppDelegate.swift */ = {isa = PBXFileReference; lastKnownFileType = sourcecode.swift; name = AppDelegate.swift; path = CuteCode/AppDelegate.swift; sourceTree = "<group>"; };
		B8075B8D2213863800523549 /* ExpressionsViewController.swift */ = {isa = PBXFileReference; lastKnownFileType = sourcecode.swift; name = ExpressionsViewController.swift; path = CuteCode/ExpressionsViewController.swift; sourceTree = "<group>"; };
		B8075B902213863800523549 /* Base */ = {isa = PBXFileReference; lastKnownFileType = file.storyboard; name = Base; path = Base.lproj/Main.storyboard; sourceTree = "<group>"; };
		B8075B922213863A00523549 /* Assets.xcassets */ = {isa = PBXFileReference; lastKnownFileType = folder.assetcatalog; name = Assets.xcassets; path = CuteCode/Assets.xcassets; sourceTree = "<group>"; };
		B8075B952213863A00523549 /* Base */ = {isa = PBXFileReference; lastKnownFileType = file.storyboard; name = Base; path = Base.lproj/LaunchScreen.storyboard; sourceTree = "<group>"; };
		B8075B972213863A00523549 /* Info.plist */ = {isa = PBXFileReference; lastKnownFileType = text.plist.xml; name = Info.plist; path = CuteCode/Info.plist; sourceTree = "<group>"; };
		B8075B9C2213863A00523549 /* CuteCodeTests.xctest */ = {isa = PBXFileReference; explicitFileType = wrapper.cfbundle; includeInIndex = 0; path = CuteCodeTests.xctest; sourceTree = BUILT_PRODUCTS_DIR; };
		B8075BA02213863A00523549 /* CuteCodeTests.swift */ = {isa = PBXFileReference; lastKnownFileType = sourcecode.swift; path = CuteCodeTests.swift; sourceTree = "<group>"; };
		B8075BA22213863A00523549 /* Info.plist */ = {isa = PBXFileReference; lastKnownFileType = text.plist.xml; path = Info.plist; sourceTree = "<group>"; };
		B8075BAB2213868F00523549 /* ExpressionsOverlayView.swift */ = {isa = PBXFileReference; lastKnownFileType = sourcecode.swift; name = ExpressionsOverlayView.swift; path = CuteCode/ExpressionsOverlayView.swift; sourceTree = "<group>"; };
		B831E2E8221AFBBB00313821 /* AudioToolbox.framework */ = {isa = PBXFileReference; lastKnownFileType = wrapper.framework; name = AudioToolbox.framework; path = System/Library/Frameworks/AudioToolbox.framework; sourceTree = SDKROOT; };
		B831E2F0221B11E300313821 /* Words.plist */ = {isa = PBXFileReference; lastKnownFileType = text.plist.xml; path = Words.plist; sourceTree = "<group>"; };
		B86E75B02219427900F0963E /* ForecastNetworkManager.swift */ = {isa = PBXFileReference; fileEncoding = 4; lastKnownFileType = sourcecode.swift; path = ForecastNetworkManager.swift; sourceTree = "<group>"; };
		B86E75B12219427900F0963E /* ForecastRequest.swift */ = {isa = PBXFileReference; fileEncoding = 4; lastKnownFileType = sourcecode.swift; path = ForecastRequest.swift; sourceTree = "<group>"; };
		B86E75B42219428500F0963E /* Forecast.swift */ = {isa = PBXFileReference; fileEncoding = 4; lastKnownFileType = sourcecode.swift; path = Forecast.swift; sourceTree = "<group>"; };
		B86E75B52219428500F0963E /* ForecastFraction.swift */ = {isa = PBXFileReference; fileEncoding = 4; lastKnownFileType = sourcecode.swift; path = ForecastFraction.swift; sourceTree = "<group>"; };
		B86E75B82219429100F0963E /* ForecastViewController.swift */ = {isa = PBXFileReference; fileEncoding = 4; lastKnownFileType = sourcecode.swift; path = ForecastViewController.swift; sourceTree = "<group>"; };
		B86E75BA221942A500F0963E /* ForecastDataSource.swift */ = {isa = PBXFileReference; fileEncoding = 4; lastKnownFileType = sourcecode.swift; path = ForecastDataSource.swift; sourceTree = "<group>"; };
		B86E75BC221942B200F0963E /* ForecastDateTableViewCell.swift */ = {isa = PBXFileReference; fileEncoding = 4; lastKnownFileType = sourcecode.swift; path = ForecastDateTableViewCell.swift; sourceTree = "<group>"; };
		B86E75BF221942D400F0963E /* MultipleForecastFractions.json */ = {isa = PBXFileReference; fileEncoding = 4; lastKnownFileType = text.json; path = MultipleForecastFractions.json; sourceTree = "<group>"; };
		B86E75C0221942D400F0963E /* ForecastFraction.json */ = {isa = PBXFileReference; fileEncoding = 4; lastKnownFileType = text.json; path = ForecastFraction.json; sourceTree = "<group>"; };
		B86E75C1221942D400F0963E /* ForecastFractionNoRain.json */ = {isa = PBXFileReference; fileEncoding = 4; lastKnownFileType = text.json; path = ForecastFractionNoRain.json; sourceTree = "<group>"; };
		B86E75C5221942DA00F0963E /* PixelWeatherTests.swift */ = {isa = PBXFileReference; fileEncoding = 4; lastKnownFileType = sourcecode.swift; path = PixelWeatherTests.swift; sourceTree = "<group>"; };
		B86E75C722194E3600F0963E /* ForecastDayCollectionViewCell.swift */ = {isa = PBXFileReference; lastKnownFileType = sourcecode.swift; path = ForecastDayCollectionViewCell.swift; sourceTree = "<group>"; };
		B86E75C922194FD100F0963E /* ForecastDayDataSource.swift */ = {isa = PBXFileReference; lastKnownFileType = sourcecode.swift; path = ForecastDayDataSource.swift; sourceTree = "<group>"; };
		B86E75F9221A155600F0963E /* CuteCode-Bridging-Header.h */ = {isa = PBXFileReference; lastKnownFileType = sourcecode.c.h; path = "CuteCode-Bridging-Header.h"; sourceTree = "<group>"; };
		B86E75FA221A155700F0963E /* UIImage+Identifier.m */ = {isa = PBXFileReference; fileEncoding = 4; lastKnownFileType = sourcecode.c.objc; path = "UIImage+Identifier.m"; sourceTree = "<group>"; };
		B86E75FB221A155700F0963E /* UIImage+Identifier.h */ = {isa = PBXFileReference; fileEncoding = 4; lastKnownFileType = sourcecode.c.h; path = "UIImage+Identifier.h"; sourceTree = "<group>"; };
		B86E75FC221A155700F0963E /* ScrollViewController.h */ = {isa = PBXFileReference; fileEncoding = 4; lastKnownFileType = sourcecode.c.h; path = ScrollViewController.h; sourceTree = "<group>"; };
		B86E75FD221A155800F0963E /* ScrollViewController.m */ = {isa = PBXFileReference; fileEncoding = 4; lastKnownFileType = sourcecode.c.objc; path = ScrollViewController.m; sourceTree = "<group>"; };
		B86E7600221A156E00F0963E /* PPInfiniteScrollView.h */ = {isa = PBXFileReference; fileEncoding = 4; lastKnownFileType = sourcecode.c.h; path = PPInfiniteScrollView.h; sourceTree = "<group>"; };
		B86E7601221A156E00F0963E /* PPInfiniteScrollView.m */ = {isa = PBXFileReference; fileEncoding = 4; lastKnownFileType = sourcecode.c.objc; path = PPInfiniteScrollView.m; sourceTree = "<group>"; };
		B8ED0DB4221AD0A2007EAD67 /* PPWordSearch.h */ = {isa = PBXFileReference; fileEncoding = 4; lastKnownFileType = sourcecode.c.h; path = PPWordSearch.h; sourceTree = "<group>"; };
		B8ED0DB5221AD0A3007EAD67 /* PPWordsearchViewController.m */ = {isa = PBXFileReference; fileEncoding = 4; lastKnownFileType = sourcecode.c.objc; path = PPWordsearchViewController.m; sourceTree = "<group>"; };
		B8ED0DB6221AD0A3007EAD67 /* PPWordSearchCell.m */ = {isa = PBXFileReference; fileEncoding = 4; lastKnownFileType = sourcecode.c.objc; path = PPWordSearchCell.m; sourceTree = "<group>"; };
		B8ED0DB7221AD0A3007EAD67 /* NSString+PPExtras.h */ = {isa = PBXFileReference; fileEncoding = 4; lastKnownFileType = sourcecode.c.h; path = "NSString+PPExtras.h"; sourceTree = "<group>"; };
		B8ED0DB8221AD0A3007EAD67 /* PPWordsearchViewController.h */ = {isa = PBXFileReference; fileEncoding = 4; lastKnownFileType = sourcecode.c.h; path = PPWordsearchViewController.h; sourceTree = "<group>"; };
		B8ED0DB9221AD0A3007EAD67 /* PPWordSearch.m */ = {isa = PBXFileReference; fileEncoding = 4; lastKnownFileType = sourcecode.c.objc; path = PPWordSearch.m; sourceTree = "<group>"; };
		B8ED0DBA221AD0A3007EAD67 /* PPWordSearchCell.h */ = {isa = PBXFileReference; fileEncoding = 4; lastKnownFileType = sourcecode.c.h; path = PPWordSearchCell.h; sourceTree = "<group>"; };
		B8ED0DBB221AD0A3007EAD67 /* NSString+PPExtras.m */ = {isa = PBXFileReference; fileEncoding = 4; lastKnownFileType = sourcecode.c.objc; path = "NSString+PPExtras.m"; sourceTree = "<group>"; };
		B8ED0DC1221AF6CD007EAD67 /* tick.mp3 */ = {isa = PBXFileReference; lastKnownFileType = audio.mp3; path = tick.mp3; sourceTree = "<group>"; };
		B8ED0DC2221AF6CD007EAD67 /* ping.mp3 */ = {isa = PBXFileReference; lastKnownFileType = audio.mp3; path = ping.mp3; sourceTree = "<group>"; };
		B8ED0DC3221AF6CD007EAD67 /* pop.mp3 */ = {isa = PBXFileReference; lastKnownFileType = audio.mp3; path = pop.mp3; sourceTree = "<group>"; };
/* End PBXFileReference section */

/* Begin PBXFrameworksBuildPhase section */
		B8075B852213863800523549 /* Frameworks */ = {
			isa = PBXFrameworksBuildPhase;
			buildActionMask = 2147483647;
			files = (
				B831E2ED221AFD1800313821 /* AudioToolbox.framework in Frameworks */,
			);
			runOnlyForDeploymentPostprocessing = 0;
		};
		B8075B992213863A00523549 /* Frameworks */ = {
			isa = PBXFrameworksBuildPhase;
			buildActionMask = 2147483647;
			files = (
			);
			runOnlyForDeploymentPostprocessing = 0;
		};
/* End PBXFrameworksBuildPhase section */

/* Begin PBXGroup section */
		B8075B7F2213863800523549 = {
			isa = PBXGroup;
			children = (
				B8075B8A2213863800523549 /* CuteCode */,
				B8075B9F2213863A00523549 /* CuteCodeTests */,
				B8075B892213863800523549 /* Products */,
				B831E2E7221AFBBB00313821 /* Frameworks */,
			);
			sourceTree = "<group>";
		};
		B8075B892213863800523549 /* Products */ = {
			isa = PBXGroup;
			children = (
				B8075B882213863800523549 /* CuteCode.app */,
				B8075B9C2213863A00523549 /* CuteCodeTests.xctest */,
			);
			name = Products;
			sourceTree = "<group>";
		};
		B8075B8A2213863800523549 /* CuteCode */ = {
			isa = PBXGroup;
			children = (
				B86E75F9221A155600F0963E /* CuteCode-Bridging-Header.h */,
				B8ED0DB3221AD083007EAD67 /* WordSearch */,
				B86E75F8221A14F400F0963E /* InfiniteScrollView */,
				B86E75AA2218C89500F0963E /* PixelWeather */,
				B86E75A92218C87D00F0963E /* Expressions */,
				B8075B8B2213863800523549 /* AppDelegate.swift */,
				B8075B8F2213863800523549 /* Main.storyboard */,
				B8075B922213863A00523549 /* Assets.xcassets */,
				B8075B942213863A00523549 /* LaunchScreen.storyboard */,
				B8075B972213863A00523549 /* Info.plist */,
				B8075BAB2213868F00523549 /* ExpressionsOverlayView.swift */,
			);
			name = CuteCode;
			sourceTree = "<group>";
		};
		B8075B9F2213863A00523549 /* CuteCodeTests */ = {
			isa = PBXGroup;
			children = (
				B86E75AF2219426300F0963E /* PixelWeatherTests */,
				B8075BA02213863A00523549 /* CuteCodeTests.swift */,
				B8075BA22213863A00523549 /* Info.plist */,
			);
			path = CuteCodeTests;
			sourceTree = "<group>";
		};
		B831E2E7221AFBBB00313821 /* Frameworks */ = {
			isa = PBXGroup;
			children = (
				B831E2E8221AFBBB00313821 /* AudioToolbox.framework */,
			);
			name = Frameworks;
			sourceTree = "<group>";
		};
		B86E75A92218C87D00F0963E /* Expressions */ = {
			isa = PBXGroup;
			children = (
				B8075B8D2213863800523549 /* ExpressionsViewController.swift */,
			);
			name = Expressions;
			sourceTree = "<group>";
		};
		B86E75AA2218C89500F0963E /* PixelWeather */ = {
			isa = PBXGroup;
			children = (
				B86E75B82219429100F0963E /* ForecastViewController.swift */,
				B86E75AE2219424700F0963E /* Network */,
				B86E75AD2219423F00F0963E /* Model */,
				B86E75AC2219423100F0963E /* DataSources */,
				B86E75AB2219422400F0963E /* Cells */,
			);
			name = PixelWeather;
			sourceTree = "<group>";
		};
		B86E75AB2219422400F0963E /* Cells */ = {
			isa = PBXGroup;
			children = (
				B86E75BC221942B200F0963E /* ForecastDateTableViewCell.swift */,
				B86E75C722194E3600F0963E /* ForecastDayCollectionViewCell.swift */,
			);
			name = Cells;
			sourceTree = "<group>";
		};
		B86E75AC2219423100F0963E /* DataSources */ = {
			isa = PBXGroup;
			children = (
				B86E75BA221942A500F0963E /* ForecastDataSource.swift */,
				B86E75C922194FD100F0963E /* ForecastDayDataSource.swift */,
			);
			name = DataSources;
			sourceTree = "<group>";
		};
		B86E75AD2219423F00F0963E /* Model */ = {
			isa = PBXGroup;
			children = (
				B86E75B42219428500F0963E /* Forecast.swift */,
				B86E75B52219428500F0963E /* ForecastFraction.swift */,
			);
			name = Model;
			sourceTree = "<group>";
		};
		B86E75AE2219424700F0963E /* Network */ = {
			isa = PBXGroup;
			children = (
				B86E75B02219427900F0963E /* ForecastNetworkManager.swift */,
				B86E75B12219427900F0963E /* ForecastRequest.swift */,
			);
			name = Network;
			sourceTree = "<group>";
		};
		B86E75AF2219426300F0963E /* PixelWeatherTests */ = {
			isa = PBXGroup;
			children = (
				B86E75C5221942DA00F0963E /* PixelWeatherTests.swift */,
				B86E75BE221942C900F0963E /* JSON */,
			);
			path = PixelWeatherTests;
			sourceTree = "<group>";
		};
		B86E75BE221942C900F0963E /* JSON */ = {
			isa = PBXGroup;
			children = (
				B86E75C0221942D400F0963E /* ForecastFraction.json */,
				B86E75C1221942D400F0963E /* ForecastFractionNoRain.json */,
				B86E75BF221942D400F0963E /* MultipleForecastFractions.json */,
			);
			path = JSON;
			sourceTree = "<group>";
		};
		B86E75F8221A14F400F0963E /* InfiniteScrollView */ = {
			isa = PBXGroup;
			children = (
				B86E7600221A156E00F0963E /* PPInfiniteScrollView.h */,
				B86E7601221A156E00F0963E /* PPInfiniteScrollView.m */,
				B86E75FB221A155700F0963E /* UIImage+Identifier.h */,
				B86E75FA221A155700F0963E /* UIImage+Identifier.m */,
				B86E75FC221A155700F0963E /* ScrollViewController.h */,
				B86E75FD221A155800F0963E /* ScrollViewController.m */,
			);
			name = InfiniteScrollView;
			sourceTree = "<group>";
		};
		B8ED0DB3221AD083007EAD67 /* WordSearch */ = {
			isa = PBXGroup;
			children = (
				B8ED0DC0221AF634007EAD67 /* Resources */,
				B8ED0DB7221AD0A3007EAD67 /* NSString+PPExtras.h */,
				B8ED0DBB221AD0A3007EAD67 /* NSString+PPExtras.m */,
				B8ED0DB4221AD0A2007EAD67 /* PPWordSearch.h */,
				B8ED0DB9221AD0A3007EAD67 /* PPWordSearch.m */,
				B8ED0DBA221AD0A3007EAD67 /* PPWordSearchCell.h */,
				B8ED0DB6221AD0A3007EAD67 /* PPWordSearchCell.m */,
				B8ED0DB8221AD0A3007EAD67 /* PPWordsearchViewController.h */,
				B8ED0DB5221AD0A3007EAD67 /* PPWordsearchViewController.m */,
				B831E2F0221B11E300313821 /* Words.plist */,
			);
			name = WordSearch;
			sourceTree = "<group>";
		};
		B8ED0DC0221AF634007EAD67 /* Resources */ = {
			isa = PBXGroup;
			children = (
				B8ED0DC2221AF6CD007EAD67 /* ping.mp3 */,
				B8ED0DC3221AF6CD007EAD67 /* pop.mp3 */,
				B8ED0DC1221AF6CD007EAD67 /* tick.mp3 */,
			);
			name = Resources;
			sourceTree = "<group>";
		};
/* End PBXGroup section */

/* Begin PBXNativeTarget section */
		B8075B872213863800523549 /* CuteCode */ = {
			isa = PBXNativeTarget;
			buildConfigurationList = B8075BA52213863A00523549 /* Build configuration list for PBXNativeTarget "CuteCode" */;
			buildPhases = (
				B8075B842213863800523549 /* Sources */,
				B8075B852213863800523549 /* Frameworks */,
				B8075B862213863800523549 /* Resources */,
			);
			buildRules = (
			);
			dependencies = (
			);
			name = CuteCode;
			productName = expressions;
			productReference = B8075B882213863800523549 /* CuteCode.app */;
			productType = "com.apple.product-type.application";
		};
		B8075B9B2213863A00523549 /* CuteCodeTests */ = {
			isa = PBXNativeTarget;
			buildConfigurationList = B8075BA82213863A00523549 /* Build configuration list for PBXNativeTarget "CuteCodeTests" */;
			buildPhases = (
				B8075B982213863A00523549 /* Sources */,
				B8075B992213863A00523549 /* Frameworks */,
				B8075B9A2213863A00523549 /* Resources */,
			);
			buildRules = (
			);
			dependencies = (
				B8075B9E2213863A00523549 /* PBXTargetDependency */,
			);
			name = CuteCodeTests;
			productName = expressionsTests;
			productReference = B8075B9C2213863A00523549 /* CuteCodeTests.xctest */;
			productType = "com.apple.product-type.bundle.unit-test";
		};
/* End PBXNativeTarget section */

/* Begin PBXProject section */
		B8075B802213863800523549 /* Project object */ = {
			isa = PBXProject;
			attributes = {
				LastSwiftUpdateCheck = 1010;
				LastUpgradeCheck = 1010;
				ORGANIZATIONNAME = PointPixel;
				TargetAttributes = {
					B8075B872213863800523549 = {
						CreatedOnToolsVersion = 10.1;
						LastSwiftMigration = 1010;
					};
					B8075B9B2213863A00523549 = {
						CreatedOnToolsVersion = 10.1;
						TestTargetID = B8075B872213863800523549;
					};
				};
			};
			buildConfigurationList = B8075B832213863800523549 /* Build configuration list for PBXProject "CuteCode" */;
			compatibilityVersion = "Xcode 9.3";
			developmentRegion = en;
			hasScannedForEncodings = 0;
			knownRegions = (
				en,
				Base,
			);
			mainGroup = B8075B7F2213863800523549;
			productRefGroup = B8075B892213863800523549 /* Products */;
			projectDirPath = "";
			projectRoot = "";
			targets = (
				B8075B872213863800523549 /* CuteCode */,
				B8075B9B2213863A00523549 /* CuteCodeTests */,
			);
		};
/* End PBXProject section */

/* Begin PBXResourcesBuildPhase section */
		B8075B862213863800523549 /* Resources */ = {
			isa = PBXResourcesBuildPhase;
			buildActionMask = 2147483647;
			files = (
				B831E2F1221B11E300313821 /* Words.plist in Resources */,
				B8ED0DC6221AF6CD007EAD67 /* pop.mp3 in Resources */,
				B8075B962213863A00523549 /* LaunchScreen.storyboard in Resources */,
				B8ED0DC5221AF6CD007EAD67 /* ping.mp3 in Resources */,
				B8ED0DC4221AF6CD007EAD67 /* tick.mp3 in Resources */,
				B8075B932213863A00523549 /* Assets.xcassets in Resources */,
				B8075B912213863800523549 /* Main.storyboard in Resources */,
			);
			runOnlyForDeploymentPostprocessing = 0;
		};
		B8075B9A2213863A00523549 /* Resources */ = {
			isa = PBXResourcesBuildPhase;
			buildActionMask = 2147483647;
			files = (
				B86E75C3221942D400F0963E /* ForecastFraction.json in Resources */,
				B86E75C4221942D400F0963E /* ForecastFractionNoRain.json in Resources */,
				B86E75C2221942D400F0963E /* MultipleForecastFractions.json in Resources */,
			);
			runOnlyForDeploymentPostprocessing = 0;
		};
/* End PBXResourcesBuildPhase section */

/* Begin PBXSourcesBuildPhase section */
		B8075B842213863800523549 /* Sources */ = {
			isa = PBXSourcesBuildPhase;
			buildActionMask = 2147483647;
			files = (
				B86E75FF221A155800F0963E /* ScrollViewController.m in Sources */,
				B86E75FE221A155800F0963E /* UIImage+Identifier.m in Sources */,
				B8075B8E2213863800523549 /* ExpressionsViewController.swift in Sources */,
				B86E75B32219427900F0963E /* ForecastRequest.swift in Sources */,
				B8ED0DBF221AD0A3007EAD67 /* NSString+PPExtras.m in Sources */,
				B86E75B72219428500F0963E /* ForecastFraction.swift in Sources */,
				B8ED0DBE221AD0A3007EAD67 /* PPWordSearch.m in Sources */,
				B8075BAC2213868F00523549 /* ExpressionsOverlayView.swift in Sources */,
				B86E75C822194E3600F0963E /* ForecastDayCollectionViewCell.swift in Sources */,
				B86E75BD221942B200F0963E /* ForecastDateTableViewCell.swift in Sources */,
				B8ED0DBC221AD0A3007EAD67 /* PPWordsearchViewController.m in Sources */,
				B86E75CA22194FD100F0963E /* ForecastDayDataSource.swift in Sources */,
				B86E7602221A156E00F0963E /* PPInfiniteScrollView.m in Sources */,
				B8075B8C2213863800523549 /* AppDelegate.swift in Sources */,
				B86E75B92219429100F0963E /* ForecastViewController.swift in Sources */,
				B86E75B62219428500F0963E /* Forecast.swift in Sources */,
				B86E75B22219427900F0963E /* ForecastNetworkManager.swift in Sources */,
				B8ED0DBD221AD0A3007EAD67 /* PPWordSearchCell.m in Sources */,
				B86E75BB221942A500F0963E /* ForecastDataSource.swift in Sources */,
			);
			runOnlyForDeploymentPostprocessing = 0;
		};
		B8075B982213863A00523549 /* Sources */ = {
			isa = PBXSourcesBuildPhase;
			buildActionMask = 2147483647;
			files = (
				B8075BA12213863A00523549 /* CuteCodeTests.swift in Sources */,
				B86E75C6221942DA00F0963E /* PixelWeatherTests.swift in Sources */,
			);
			runOnlyForDeploymentPostprocessing = 0;
		};
/* End PBXSourcesBuildPhase section */

/* Begin PBXTargetDependency section */
		B8075B9E2213863A00523549 /* PBXTargetDependency */ = {
			isa = PBXTargetDependency;
			target = B8075B872213863800523549 /* CuteCode */;
			targetProxy = B8075B9D2213863A00523549 /* PBXContainerItemProxy */;
		};
/* End PBXTargetDependency section */

/* Begin PBXVariantGroup section */
		B8075B8F2213863800523549 /* Main.storyboard */ = {
			isa = PBXVariantGroup;
			children = (
				B8075B902213863800523549 /* Base */,
			);
			name = Main.storyboard;
			path = CuteCode;
			sourceTree = "<group>";
		};
		B8075B942213863A00523549 /* LaunchScreen.storyboard */ = {
			isa = PBXVariantGroup;
			children = (
				B8075B952213863A00523549 /* Base */,
			);
			name = LaunchScreen.storyboard;
			path = CuteCode;
			sourceTree = "<group>";
		};
/* End PBXVariantGroup section */

/* Begin XCBuildConfiguration section */
		B8075BA32213863A00523549 /* Debug */ = {
			isa = XCBuildConfiguration;
			buildSettings = {
				ALWAYS_SEARCH_USER_PATHS = NO;
				CLANG_ANALYZER_NONNULL = YES;
				CLANG_ANALYZER_NUMBER_OBJECT_CONVERSION = YES_AGGRESSIVE;
				CLANG_CXX_LANGUAGE_STANDARD = "gnu++14";
				CLANG_CXX_LIBRARY = "libc++";
				CLANG_ENABLE_MODULES = YES;
				CLANG_ENABLE_OBJC_ARC = YES;
				CLANG_ENABLE_OBJC_WEAK = YES;
				CLANG_WARN_BLOCK_CAPTURE_AUTORELEASING = YES;
				CLANG_WARN_BOOL_CONVERSION = YES;
				CLANG_WARN_COMMA = YES;
				CLANG_WARN_CONSTANT_CONVERSION = YES;
				CLANG_WARN_DEPRECATED_OBJC_IMPLEMENTATIONS = YES;
				CLANG_WARN_DIRECT_OBJC_ISA_USAGE = YES_ERROR;
				CLANG_WARN_DOCUMENTATION_COMMENTS = YES;
				CLANG_WARN_EMPTY_BODY = YES;
				CLANG_WARN_ENUM_CONVERSION = YES;
				CLANG_WARN_INFINITE_RECURSION = YES;
				CLANG_WARN_INT_CONVERSION = YES;
				CLANG_WARN_NON_LITERAL_NULL_CONVERSION = YES;
				CLANG_WARN_OBJC_IMPLICIT_RETAIN_SELF = YES;
				CLANG_WARN_OBJC_LITERAL_CONVERSION = YES;
				CLANG_WARN_OBJC_ROOT_CLASS = YES_ERROR;
				CLANG_WARN_RANGE_LOOP_ANALYSIS = YES;
				CLANG_WARN_STRICT_PROTOTYPES = YES;
				CLANG_WARN_SUSPICIOUS_MOVE = YES;
				CLANG_WARN_UNGUARDED_AVAILABILITY = YES_AGGRESSIVE;
				CLANG_WARN_UNREACHABLE_CODE = YES;
				CLANG_WARN__DUPLICATE_METHOD_MATCH = YES;
				CODE_SIGN_IDENTITY = "iPhone Developer";
				COPY_PHASE_STRIP = NO;
				DEBUG_INFORMATION_FORMAT = dwarf;
				ENABLE_STRICT_OBJC_MSGSEND = YES;
				ENABLE_TESTABILITY = YES;
				GCC_C_LANGUAGE_STANDARD = gnu11;
				GCC_DYNAMIC_NO_PIC = NO;
				GCC_NO_COMMON_BLOCKS = YES;
				GCC_OPTIMIZATION_LEVEL = 0;
				GCC_PREPROCESSOR_DEFINITIONS = (
					"DEBUG=1",
					"$(inherited)",
				);
				GCC_WARN_64_TO_32_BIT_CONVERSION = YES;
				GCC_WARN_ABOUT_RETURN_TYPE = YES_ERROR;
				GCC_WARN_UNDECLARED_SELECTOR = YES;
				GCC_WARN_UNINITIALIZED_AUTOS = YES_AGGRESSIVE;
				GCC_WARN_UNUSED_FUNCTION = YES;
				GCC_WARN_UNUSED_VARIABLE = YES;
				IPHONEOS_DEPLOYMENT_TARGET = 12.1;
				MTL_ENABLE_DEBUG_INFO = INCLUDE_SOURCE;
				MTL_FAST_MATH = YES;
				ONLY_ACTIVE_ARCH = YES;
				SDKROOT = iphoneos;
				SWIFT_ACTIVE_COMPILATION_CONDITIONS = DEBUG;
				SWIFT_OPTIMIZATION_LEVEL = "-Onone";
			};
			name = Debug;
		};
		B8075BA42213863A00523549 /* Release */ = {
			isa = XCBuildConfiguration;
			buildSettings = {
				ALWAYS_SEARCH_USER_PATHS = NO;
				CLANG_ANALYZER_NONNULL = YES;
				CLANG_ANALYZER_NUMBER_OBJECT_CONVERSION = YES_AGGRESSIVE;
				CLANG_CXX_LANGUAGE_STANDARD = "gnu++14";
				CLANG_CXX_LIBRARY = "libc++";
				CLANG_ENABLE_MODULES = YES;
				CLANG_ENABLE_OBJC_ARC = YES;
				CLANG_ENABLE_OBJC_WEAK = YES;
				CLANG_WARN_BLOCK_CAPTURE_AUTORELEASING = YES;
				CLANG_WARN_BOOL_CONVERSION = YES;
				CLANG_WARN_COMMA = YES;
				CLANG_WARN_CONSTANT_CONVERSION = YES;
				CLANG_WARN_DEPRECATED_OBJC_IMPLEMENTATIONS = YES;
				CLANG_WARN_DIRECT_OBJC_ISA_USAGE = YES_ERROR;
				CLANG_WARN_DOCUMENTATION_COMMENTS = YES;
				CLANG_WARN_EMPTY_BODY = YES;
				CLANG_WARN_ENUM_CONVERSION = YES;
				CLANG_WARN_INFINITE_RECURSION = YES;
				CLANG_WARN_INT_CONVERSION = YES;
				CLANG_WARN_NON_LITERAL_NULL_CONVERSION = YES;
				CLANG_WARN_OBJC_IMPLICIT_RETAIN_SELF = YES;
				CLANG_WARN_OBJC_LITERAL_CONVERSION = YES;
				CLANG_WARN_OBJC_ROOT_CLASS = YES_ERROR;
				CLANG_WARN_RANGE_LOOP_ANALYSIS = YES;
				CLANG_WARN_STRICT_PROTOTYPES = YES;
				CLANG_WARN_SUSPICIOUS_MOVE = YES;
				CLANG_WARN_UNGUARDED_AVAILABILITY = YES_AGGRESSIVE;
				CLANG_WARN_UNREACHABLE_CODE = YES;
				CLANG_WARN__DUPLICATE_METHOD_MATCH = YES;
				CODE_SIGN_IDENTITY = "iPhone Developer";
				COPY_PHASE_STRIP = NO;
				DEBUG_INFORMATION_FORMAT = "dwarf-with-dsym";
				ENABLE_NS_ASSERTIONS = NO;
				ENABLE_STRICT_OBJC_MSGSEND = YES;
				GCC_C_LANGUAGE_STANDARD = gnu11;
				GCC_NO_COMMON_BLOCKS = YES;
				GCC_WARN_64_TO_32_BIT_CONVERSION = YES;
				GCC_WARN_ABOUT_RETURN_TYPE = YES_ERROR;
				GCC_WARN_UNDECLARED_SELECTOR = YES;
				GCC_WARN_UNINITIALIZED_AUTOS = YES_AGGRESSIVE;
				GCC_WARN_UNUSED_FUNCTION = YES;
				GCC_WARN_UNUSED_VARIABLE = YES;
				IPHONEOS_DEPLOYMENT_TARGET = 12.1;
				MTL_ENABLE_DEBUG_INFO = NO;
				MTL_FAST_MATH = YES;
				SDKROOT = iphoneos;
				SWIFT_COMPILATION_MODE = wholemodule;
				SWIFT_OPTIMIZATION_LEVEL = "-O";
				VALIDATE_PRODUCT = YES;
			};
			name = Release;
		};
		B8075BA62213863A00523549 /* Debug */ = {
			isa = XCBuildConfiguration;
			buildSettings = {
				ASSETCATALOG_COMPILER_APPICON_NAME = AppIcon;
				CLANG_ENABLE_MODULES = YES;
				CODE_SIGN_STYLE = Automatic;
				INFOPLIST_FILE = CuteCode/Info.plist;
				LD_RUNPATH_SEARCH_PATHS = (
					"$(inherited)",
					"@executable_path/Frameworks",
				);
				PRODUCT_BUNDLE_IDENTIFIER = co.uk.pointpixel.cutecode;
				PRODUCT_NAME = "$(TARGET_NAME)";
				SWIFT_OBJC_BRIDGING_HEADER = "CuteCode-Bridging-Header.h";
				SWIFT_OPTIMIZATION_LEVEL = "-Onone";
				SWIFT_VERSION = 4.2;
				TARGETED_DEVICE_FAMILY = "1,2";
			};
			name = Debug;
		};
		B8075BA72213863A00523549 /* Release */ = {
			isa = XCBuildConfiguration;
			buildSettings = {
				ASSETCATALOG_COMPILER_APPICON_NAME = AppIcon;
				CLANG_ENABLE_MODULES = YES;
				CODE_SIGN_STYLE = Automatic;
				INFOPLIST_FILE = CuteCode/Info.plist;
				LD_RUNPATH_SEARCH_PATHS = (
					"$(inherited)",
					"@executable_path/Frameworks",
				);
				PRODUCT_BUNDLE_IDENTIFIER = co.uk.pointpixel.cutecode;
				PRODUCT_NAME = "$(TARGET_NAME)";
				SWIFT_OBJC_BRIDGING_HEADER = "CuteCode-Bridging-Header.h";
				SWIFT_VERSION = 4.2;
				TARGETED_DEVICE_FAMILY = "1,2";
			};
			name = Release;
		};
		B8075BA92213863A00523549 /* Debug */ = {
			isa = XCBuildConfiguration;
			buildSettings = {
				ALWAYS_EMBED_SWIFT_STANDARD_LIBRARIES = YES;
				BUNDLE_LOADER = "$(TEST_HOST)";
				CODE_SIGN_STYLE = Automatic;
				INFOPLIST_FILE = CuteCodeTests/Info.plist;
				LD_RUNPATH_SEARCH_PATHS = (
					"$(inherited)",
					"@executable_path/Frameworks",
					"@loader_path/Frameworks",
				);
				PRODUCT_BUNDLE_IDENTIFIER = co.uk.pointpixel.expressionsTests;
				PRODUCT_NAME = "$(TARGET_NAME)";
				SWIFT_VERSION = 4.2;
				TARGETED_DEVICE_FAMILY = "1,2";
				TEST_HOST = "$(BUILT_PRODUCTS_DIR)/expressions.app/expressions";
			};
			name = Debug;
		};
		B8075BAA2213863A00523549 /* Release */ = {
			isa = XCBuildConfiguration;
			buildSettings = {
				ALWAYS_EMBED_SWIFT_STANDARD_LIBRARIES = YES;
				BUNDLE_LOADER = "$(TEST_HOST)";
				CODE_SIGN_STYLE = Automatic;
				INFOPLIST_FILE = CuteCodeTests/Info.plist;
				LD_RUNPATH_SEARCH_PATHS = (
					"$(inherited)",
					"@executable_path/Frameworks",
					"@loader_path/Frameworks",
				);
				PRODUCT_BUNDLE_IDENTIFIER = co.uk.pointpixel.expressionsTests;
				PRODUCT_NAME = "$(TARGET_NAME)";
				SWIFT_VERSION = 4.2;
				TARGETED_DEVICE_FAMILY = "1,2";
				TEST_HOST = "$(BUILT_PRODUCTS_DIR)/expressions.app/expressions";
			};
			name = Release;
		};
/* End XCBuildConfiguration section */

/* Begin XCConfigurationList section */
		B8075B832213863800523549 /* Build configuration list for PBXProject "CuteCode" */ = {
			isa = XCConfigurationList;
			buildConfigurations = (
				B8075BA32213863A00523549 /* Debug */,
				B8075BA42213863A00523549 /* Release */,
			);
			defaultConfigurationIsVisible = 0;
			defaultConfigurationName = Release;
		};
		B8075BA52213863A00523549 /* Build configuration list for PBXNativeTarget "CuteCode" */ = {
			isa = XCConfigurationList;
			buildConfigurations = (
				B8075BA62213863A00523549 /* Debug */,
				B8075BA72213863A00523549 /* Release */,
			);
			defaultConfigurationIsVisible = 0;
			defaultConfigurationName = Release;
		};
		B8075BA82213863A00523549 /* Build configuration list for PBXNativeTarget "CuteCodeTests" */ = {
			isa = XCConfigurationList;
			buildConfigurations = (
				B8075BA92213863A00523549 /* Debug */,
				B8075BAA2213863A00523549 /* Release */,
			);
			defaultConfigurationIsVisible = 0;
			defaultConfigurationName = Release;
		};
/* End XCConfigurationList section */
	};
	rootObject = B8075B802213863800523549 /* Project object */;
}
